{
    "_readme": [
        "This file locks the dependencies of your project to a known state",
        "Read more about it at https://getcomposer.org/doc/01-basic-usage.md#installing-dependencies",
        "This file is @generated automatically"
    ],
    "content-hash": "9d0e54284cc891e38a824974c9f21688",
    "packages": [
        {
            "name": "utopia-php/cli",
            "version": "0.15.0",
            "source": {
                "type": "git",
                "url": "https://github.com/utopia-php/cli.git",
                "reference": "ccb7c8125ffe0254fef8f25744bfa376eb7bd0ea"
            },
            "dist": {
                "type": "zip",
                "url": "https://api.github.com/repos/utopia-php/cli/zipball/ccb7c8125ffe0254fef8f25744bfa376eb7bd0ea",
                "reference": "ccb7c8125ffe0254fef8f25744bfa376eb7bd0ea",
                "shasum": ""
            },
            "require": {
                "php": ">=7.4",
                "utopia-php/framework": "0.*.*"
            },
            "require-dev": {
                "laravel/pint": "1.2.*",
                "phpunit/phpunit": "^9.3",
                "squizlabs/php_codesniffer": "^3.6",
                "vimeo/psalm": "4.0.1"
            },
            "type": "library",
            "autoload": {
                "psr-4": {
                    "Utopia\\CLI\\": "src/CLI"
                }
            },
            "notification-url": "https://packagist.org/downloads/",
            "license": [
                "MIT"
            ],
            "description": "A simple CLI library to manage command line applications",
            "keywords": [
                "cli",
                "command line",
                "framework",
                "php",
                "upf",
                "utopia"
            ],
            "support": {
                "issues": "https://github.com/utopia-php/cli/issues",
                "source": "https://github.com/utopia-php/cli/tree/0.15.0"
            },
            "time": "2023-03-01T05:55:14+00:00"
        },
        {
            "name": "utopia-php/framework",
            "version": "dev-feat-v2",
            "source": {
                "type": "git",
                "url": "https://github.com/utopia-php/framework.git",
                "reference": "dc967650982de758e372ce543ee8f697165d4a64"
            },
            "dist": {
                "type": "zip",
                "url": "https://api.github.com/repos/utopia-php/framework/zipball/dc967650982de758e372ce543ee8f697165d4a64",
                "reference": "dc967650982de758e372ce543ee8f697165d4a64",
                "shasum": ""
            },
            "require": {
                "ext-swoole": "*",
                "php": ">=8.0"
            },
            "require-dev": {
                "laravel/pint": "^1.2",
                "phpbench/phpbench": "^1.2",
                "phpstan/phpstan": "^1.10",
                "phpunit/phpunit": "^9.5.25",
                "swoole/ide-helper": "4.8.3"
            },
            "type": "library",
            "autoload": {
                "psr-4": {
                    "Utopia\\Http\\": "src/Http"
                }
            },
            "notification-url": "https://packagist.org/downloads/",
            "license": [
                "MIT"
            ],
            "description": "A simple, light and advanced PHP framework",
            "keywords": [
                "framework",
                "php",
                "upf"
            ],
            "support": {
                "issues": "https://github.com/utopia-php/framework/issues",
                "source": "https://github.com/utopia-php/framework/tree/feat-v2"
            },
            "time": "2023-07-13T01:48:23+00:00"
        }
    ],
    "packages-dev": [],
    "aliases": [
        {
            "package": "utopia-php/framework",
            "version": "dev-feat-v2",
            "alias": "0.18.0",
            "alias_normalized": "0.18.0.0"
        }
    ],
    "minimum-stability": "stable",
    "stability-flags": {
        "utopia-php/framework": 20
    },
    "prefer-stable": false,
    "prefer-lowest": false,
    "platform": [],
    "platform-dev": [],
    "plugin-api-version": "2.3.0"
}
